
Microsoft Visual Studio Solution File, Format Version 12.00
# Visual Studio Version 17
VisualStudioVersion = 17.2.32516.85
MinimumVisualStudioVersion = 10.0.40219.1
Project("{9A19103F-16F7-4668-BE54-9A1E7A4F7556}") = "TapeConsole", "TapeConsole\TapeConsole.csproj", "{B9C55836-B045-4313-820E-3E060E8871D0}"
EndProject
Project("{9A19103F-16F7-4668-BE54-9A1E7A4F7556}") = "TapeLibrary", "TapLibrary\TapeLibrary.csproj", "{6A3F6142-8FC6-4C7E-8CFD-C38992468EE8}"
EndProject
Global
	GlobalSection(SolutionConfigurationPlatforms) = preSolution
		Debug|Any CPU = Debug|Any CPU
		Release|Any CPU = Release|Any CPU
	EndGlobalSection
	GlobalSection(ProjectConfigurationPlatforms) = postSolution
		{B9C55836-B045-4313-820E-3E060E8871D0}.Debug|Any CPU.ActiveCfg = Debug|Any CPU
		{B9C55836-B045-4313-820E-3E060E8871D0}.Debug|Any CPU.Build.0 = Debug|Any CPU
		{B9C55836-B045-4313-820E-3E060E8871D0}.Release|Any CPU.ActiveCfg = Release|Any CPU
		{B9C55836-B045-4313-820E-3E060E8871D0}.Release|Any CPU.Build.0 = Release|Any CPU
		{6A3F6142-8FC6-4C7E-8CFD-C38992468EE8}.Debug|Any CPU.ActiveCfg = Debug|Any CPU
		{6A3F6142-8FC6-4C7E-8CFD-C38992468EE8}.Debug|Any CPU.Build.0 = Debug|Any CPU
		{6A3F6142-8FC6-4C7E-8CFD-C38992468EE8}.Release|Any CPU.ActiveCfg = Release|Any CPU
		{6A3F6142-8FC6-4C7E-8CFD-C38992468EE8}.Release|Any CPU.Build.0 = Release|Any CPU
	EndGlobalSection
	GlobalSection(SolutionProperties) = preSolution
		HideSolutionNode = FALSE
	EndGlobalSection
	GlobalSection(ExtensibilityGlobals) = postSolution
		SolutionGuid = {3D17E628-ABDE-4835-AF38-FAC4A4342224}
	EndGlobalSection
EndGlobal
